
Microsoft Visual Studio Solution File, Format Version 12.00
# Visual Studio Version 16
VisualStudioVersion = 16.0.30503.244
MinimumVisualStudioVersion = 10.0.40219.1
Project("{FAE04EC0-301F-11D3-BF4B-00C04F79EFBC}") = "WebApp", "WebApp\WebApp.csproj", "{3512DDE8-9D41-4970-9D28-85BAF6985E26}"
EndProject
Project("{FAE04EC0-301F-11D3-BF4B-00C04F79EFBC}") = "ChinookSystem", "ChinookSystem\ChinookSystem.csproj", "{8D204307-F311-4D12-9461-7E40D31FEBE0}"
EndProject
Global
	GlobalSection(SolutionConfigurationPlatforms) = preSolution
		Debug|Any CPU = Debug|Any CPU
		Release|Any CPU = Release|Any CPU
	EndGlobalSection
	GlobalSection(ProjectConfigurationPlatforms) = postSolution
		{3512DDE8-9D41-4970-9D28-85BAF6985E26}.Debug|Any CPU.ActiveCfg = Debug|Any CPU
		{3512DDE8-9D41-4970-9D28-85BAF6985E26}.Debug|Any CPU.Build.0 = Debug|Any CPU
		{3512DDE8-9D41-4970-9D28-85BAF6985E26}.Release|Any CPU.ActiveCfg = Release|Any CPU
		{3512DDE8-9D41-4970-9D28-85BAF6985E26}.Release|Any CPU.Build.0 = Release|Any CPU
		{8D204307-F311-4D12-9461-7E40D31FEBE0}.Debug|Any CPU.ActiveCfg = Debug|Any CPU
		{8D204307-F311-4D12-9461-7E40D31FEBE0}.Debug|Any CPU.Build.0 = Debug|Any CPU
		{8D204307-F311-4D12-9461-7E40D31FEBE0}.Release|Any CPU.ActiveCfg = Release|Any CPU
		{8D204307-F311-4D12-9461-7E40D31FEBE0}.Release|Any CPU.Build.0 = Release|Any CPU
	EndGlobalSection
	GlobalSection(SolutionProperties) = preSolution
		HideSolutionNode = FALSE
	EndGlobalSection
	GlobalSection(ExtensibilityGlobals) = postSolution
		SolutionGuid = {3BD96AFE-74D3-4263-8BC2-C56A7D506964}
	EndGlobalSection
EndGlobal
